<?xml version="1.0" encoding="utf-8"?>
<Project ToolsVersion="4.0" xmlns="http://schemas.microsoft.com/developer/msbuild/2003">
  <ItemGroup>
    <Filter Include="소스 파일">
      <UniqueIdentifier>{4FC737F1-C7A5-4376-A066-2A32D752A2FF}</UniqueIdentifier>
      <Extensions>cpp;c;cc;cxx;c++;cppm;ixx;def;odl;idl;hpj;bat;asm;asmx</Extensions>
    </Filter>
    <Filter Include="리소스 파일">
      <UniqueIdentifier>{67DA6AB6-F800-4c08-8B7A-83BB121AAD01}</UniqueIdentifier>
      <Extensions>rc;ico;cur;bmp;dlg;rc2;rct;bin;rgs;gif;jpg;jpeg;jpe;resx;tiff;tif;png;wav;mfcribbon-ms</Extensions>
    </Filter>
    <Filter Include="소스 파일\00. Game">
      <UniqueIdentifier>{0434c38c-a21b-45b9-8e64-cd0d4ee02ba0}</UniqueIdentifier>
    </Filter>
    <Filter Include="소스 파일\99. Headers">
      <UniqueIdentifier>{5d41b827-5d4e-4d38-baa2-10a58b5caa44}</UniqueIdentifier>
    </Filter>
    <Filter Include="소스 파일\01. Scenes">
      <UniqueIdentifier>{18fb3227-1043-4012-8d96-8762b9e4e728}</UniqueIdentifier>
    </Filter>
    <Filter Include="소스 파일\01. Scenes\01. Triangle">
      <UniqueIdentifier>{1ba843ee-5a92-4d7f-a0e7-e6b9a82ea612}</UniqueIdentifier>
    </Filter>
    <Filter Include="소스 파일\01. Scenes\02. Rectangle">
      <UniqueIdentifier>{d5e82611-bf4c-427e-ac77-dc45e7753490}</UniqueIdentifier>
    </Filter>
    <Filter Include="소스 파일\01. Scenes\03. Pyramid">
      <UniqueIdentifier>{f241c455-4d51-4bfa-85de-0348c4b4be7c}</UniqueIdentifier>
    </Filter>
    <Filter Include="소스 파일\01. Scenes\00. DeviceInit">
      <UniqueIdentifier>{5a30b627-5571-4971-8afd-6300964cc72c}</UniqueIdentifier>
    </Filter>
    <Filter Include="소스 파일\01. Scenes\02. Rectangle\shader">
      <UniqueIdentifier>{a1d4af00-5e63-42df-a73d-79b2e2322954}</UniqueIdentifier>
    </Filter>
    <Filter Include="소스 파일\98. Shaders">
      <UniqueIdentifier>{96222445-0bd9-4068-8d09-0e699df541a9}</UniqueIdentifier>
    </Filter>
    <Filter Include="소스 파일\01. Scenes\04. Texture">
      <UniqueIdentifier>{4f194a72-5f88-4391-b387-5e3a457cccae}</UniqueIdentifier>
    </Filter>
    <Filter Include="소스 파일\01. Scenes\05. Camera">
      <UniqueIdentifier>{76ebdfa3-72d3-4e5f-90f8-d324890068fe}</UniqueIdentifier>
    </Filter>
  </ItemGroup>
  <ItemGroup>
    <ClCompile Include="pch.cpp">
      <Filter>소스 파일\99. Headers</Filter>
    </ClCompile>
    <ClCompile Include="Game.cpp">
      <Filter>소스 파일\00. Game</Filter>
    </ClCompile>
    <ClCompile Include="Launcher.cpp">
      <Filter>소스 파일\00. Game</Filter>
    </ClCompile>
    <ClCompile Include="DeviceInit.cpp">
      <Filter>소스 파일\01. Scenes\00. DeviceInit</Filter>
    </ClCompile>
    <ClCompile Include="Triangle.cpp">
      <Filter>소스 파일\01. Scenes\01. Triangle</Filter>
    </ClCompile>
    <ClCompile Include="Rectangle.cpp">
      <Filter>소스 파일\01. Scenes\02. Rectangle</Filter>
    </ClCompile>
    <ClCompile Include="Pyramid.cpp">
      <Filter>소스 파일\01. Scenes\03. Pyramid</Filter>
    </ClCompile>
    <ClCompile Include="Texture.cpp">
      <Filter>소스 파일\01. Scenes\04. Texture</Filter>
    </ClCompile>
  </ItemGroup>
  <ItemGroup>
    <ClInclude Include="pch.h">
      <Filter>소스 파일\99. Headers</Filter>
    </ClInclude>
    <ClInclude Include="Game.h">
      <Filter>소스 파일\00. Game</Filter>
    </ClInclude>
    <ClInclude Include="Launcher.h">
      <Filter>소스 파일\00. Game</Filter>
    </ClInclude>
    <ClInclude Include="DeviceInit.h">
      <Filter>소스 파일\01. Scenes\00. DeviceInit</Filter>
    </ClInclude>
    <ClInclude Include="Triangle.h">
      <Filter>소스 파일\01. Scenes\01. Triangle</Filter>
    </ClInclude>
    <ClInclude Include="Rectangle.h">
      <Filter>소스 파일\01. Scenes\02. Rectangle</Filter>
    </ClInclude>
    <ClInclude Include="Pyramid.h">
      <Filter>소스 파일\01. Scenes\03. Pyramid</Filter>
    </ClInclude>
    <ClInclude Include="Texture.h">
      <Filter>소스 파일\01. Scenes\04. Texture</Filter>
    </ClInclude>
  </ItemGroup>
  <ItemGroup>
    <None Include="shader.frag">
      <Filter>소스 파일\98. Shaders</Filter>
    </None>
    <None Include="shader.vert">
      <Filter>소스 파일\98. Shaders</Filter>
    </None>
    <None Include="shader2.vert">
      <Filter>소스 파일\98. Shaders</Filter>
    </None>
    <None Include="shader2.frag">
      <Filter>소스 파일\98. Shaders</Filter>
    </None>
    <None Include="shader3.vert">
      <Filter>소스 파일\98. Shaders</Filter>
    </None>
    <None Include="shader3.frag">
      <Filter>소스 파일\98. Shaders</Filter>
    </None>
  </ItemGroup>
</Project>